{
  "name": "kai-plugin-msgraph",
  "version": "0.2.1",
  "lockfileVersion": 3,
  "requires": true,
  "packages": {
    "": {
      "name": "kai-plugin-msgraph",
      "version": "0.2.1",
      "dependencies": {
        "@lexical/code": "^0.46.0",
        "@lexical/link": "^0.46.0",
        "@lexical/list": "^0.46.0",
        "@lexical/markdown": "^0.46.0",
        "@lexical/react": "^0.46.0",
        "@lexical/rich-text": "^0.46.0",
        "@lexical/selection": "^0.46.0",
        "@lexical/utils": "^0.46.0",
        "adaptivecards": "^3.0.6",
        "highlight.js": "^11.11.1",
        "lexical": "^0.46.0"
      },
      "devDependencies": {
        "@types/node": "^22.0.0",
        "@types/react": "^19.0.0",
        "esbuild": "0.28.1",
        "typescript": "^5.7.0"
      }
    },
    "node_modules/@esbuild/aix-ppc64": {
      "version": "0.28.1",
      "integrity": "sha512-Svl7tq8k/08+p6CXPpRjQ1fKX+1odH/BQbb48fV6fj3CWHhsoIOoY87w1oHXm0qEpkIK3ZfVgp0hed3XBXzXMQ==",
      "cpu": [
        "ppc64"
      ],
      "dev": true,
      "license": "MIT",
      "optional": true,
      "os": [
        "aix"
      ],
      "engines": {
        "node": ">=18"
      }
    },
    "node_modules/@esbuild/android-arm": {
      "version": "0.28.1",
      "integrity": "sha512-0k2F129Xdio1TdJfzJ8sy1Q47vUD2NnwdhiAf7drUN1EBTfPf4hsFCtmMgu/6m8JSzsBrlmVjudMBQqOfG8usQ==",
      "cpu": [
        "arm"
      ],
      "dev": true,
      "license": "MIT",
      "optional": true,
      "os": [
        "android"
      ],
      "engines": {
        "node": ">=18"
      }
    },
    "node_modules/@esbuild/android-arm64": {
      "version": "0.28.1",
      "integrity": "sha512-34EGEbCIAgosYz6goLcopX6Mo7NyGv9tfwEM2/7Ce2VcVRk568iSvniGWcUXIy7wEDR1wzolcxcriFVrWYcwBg==",
      "cpu": [
        "arm64"
      ],
      "dev": true,
      "license": "MIT",
      "optional": true,
      "os": [
        "android"
      ],
      "engines": {
        "node": ">=18"
      }
    },
    "node_modules/@esbuild/android-x64": {
      "version": "0.28.1",
      "integrity": "sha512-dbwY7ltSMDWsRatcRpCnES4F+im88OCUgGZjy52shC7GqHRE/cYlxNbB4Z4UpJswpcc4Qxd2oE/ufM0p61IKng==",
      "cpu": [
        "x64"
      ],
      "dev": true,
      "license": "MIT",
      "optional": true,
      "os": [
        "android"
      ],
      "engines": {
        "node": ">=18"
      }
    },
    "node_modules/@esbuild/darwin-arm64": {
      "version": "0.28.1",
      "integrity": "sha512-TZbWkQY7kvTAXbXUT7uVACR5cMHsDiSz9z7ZKAX/RTq/WJEk3QyRr0wZpNhBDX+/0CtdqUIJlOiodQcta6tY3Q==",
      "cpu": [
        "arm64"
      ],
      "dev": true,
      "license": "MIT",
      "optional": true,
      "os": [
        "darwin"
      ],
      "engines": {
        "node": ">=18"
      }
    },
    "node_modules/@esbuild/darwin-x64": {
      "version": "0.28.1",
      "integrity": "sha512-zfdzgK9ACBNZLI/CyHTOx81SyNbM6YXn7rxSgX97VjyiPl9W1i4Ka4fgKECEoFCKGpvBj5qArWIGgQjOwkgskQ==",
      "cpu": [
        "x64"
      ],
      "dev": true,
      "license": "MIT",
      "optional": true,
      "os": [
        "darwin"
      ],
      "engines": {
        "node": ">=18"
      }
    },
    "node_modules/@esbuild/freebsd-arm64": {
      "version": "0.28.1",
      "integrity": "sha512-wG2EA8ENdEI0qhkSZMjfqrdY+ziCYCPMmtZjjIwOmXFjmyzEHn+UUxk5of+SYsjtfs3VpnlC7QLzSI5hY/rOAw==",
      "cpu": [
        "arm64"
      ],
      "dev": true,
      "license": "MIT",
      "optional": true,
      "os": [
        "freebsd"
      ],
      "engines": {
        "node": ">=18"
      }
    },
    "node_modules/@esbuild/freebsd-x64": {
      "version": "0.28.1",
      "integrity": "sha512-i7dZ9vQgnvSCzi/rYCXNgtF/U+eKZNJBzu3eTQbRgHnM7tNSizLOkRFAl3qzVc/Op/u5YkHHa4pf/3DOYHthLQ==",
      "cpu": [
        "x64"
      ],
      "dev": true,
      "license": "MIT",
      "optional": true,
      "os": [
        "freebsd"
      ],
      "engines": {
        "node": ">=18"
      }
    },
    "node_modules/@esbuild/linux-arm": {
      "version": "0.28.1",
      "integrity": "sha512-qVXBOHQS+d5Y722GwJzJUtOLlX7km3CraOaGormF1pDtPd2C/l1SHRPgjLunLGe51Sh5YYWKMFDyV4SxgMQYTQ==",
      "cpu": [
        "arm"
      ],
      "dev": true,
      "license": "MIT",
      "optional": true,
      "os": [
        "linux"
      ],
      "engines": {
        "node": ">=18"
      }
    },
    "node_modules/@esbuild/linux-arm64": {
      "version": "0.28.1",
      "integrity": "sha512-yHs+0uc8+nvEAfAfxrWQKK5peSNzBc4PegcMO0EJ2hT71uA7vB8Ihg2e77R2P7SG5uYjPbHlLLmve4LLLRCf0g==",
      "cpu": [
        "arm64"
      ],
      "dev": true,
      "license": "MIT",
      "optional": true,
      "os": [
        "linux"
      ],
      "engines": {
        "node": ">=18"
      }
    },
    "node_modules/@esbuild/linux-ia32": {
      "version": "0.28.1",
      "integrity": "sha512-d1z4ZuP0ajrfz/FhGT4vv278rX8KnPPJx8i5+AtK7TYbx9Le9F1hyzurZpkEyjkGa9dUGhQow4C1NmeGvqxN2w==",
      "cpu": [
        "ia32"
      ],
      "dev": true,
      "license": "MIT",
      "optional": true,
      "os": [
        "linux"
      ],
      "engines": {
        "node": ">=18"
      }
    },
    "node_modules/@esbuild/linux-loong64": {
      "version": "0.28.1",
      "integrity": "sha512-M5sRjUVZrkm1OAPR3dlOYzNmN+loZKGVi1VUQGrwuqLcbR6qeAz+famMhjASeH3YVKvZz+zT1jlh/keC3Rj/lg==",
      "cpu": [
        "loong64"
      ],
      "dev": true,
      "license": "MIT",
      "optional": true,
      "os": [
        "linux"
      ],
      "engines": {
        "node": ">=18"
      }
    },
    "node_modules/@esbuild/linux-mips64el": {
      "version": "0.28.1",
      "integrity": "sha512-mRObBZeHh2OxcBFPWE/FjylkRgZdYuiTR3vaTozquCGOH14iP9oN4x4Ge81CoIDYQrXmIxpFumJBu5MtZpnQJQ==",
      "cpu": [
        "mips64el"
      ],
      "dev": true,
      "license": "MIT",
      "optional": true,
      "os": [
        "linux"
      ],
      "engines": {
        "node": ">=18"
      }
    },
    "node_modules/@esbuild/linux-ppc64": {
      "version": "0.28.1",
      "integrity": "sha512-slScBsMAb3GFDcdrCgLwZtPYRoH2H/youv10QiZyRjmsP48fznoveWytSgCI/R0ZcUgpc0ZhIUEx6LHts8yrfQ==",
      "cpu": [
        "ppc64"
      ],
      "dev": true,
      "license": "MIT",
      "optional": true,
      "os": [
        "linux"
      ],
      "engines": {
        "node": ">=18"
      }
    },
    "node_modules/@esbuild/linux-riscv64": {
      "version": "0.28.1",
      "integrity": "sha512-kw0owk1o0GFETUJyW0jc0G4Yzs0BHZn0JDZ8JRT088vjJYX777BAs1fDGxAC+q831qOs2DTC96mNsG2opdfyyQ==",
      "cpu": [
        "riscv64"
      ],
      "dev": true,
      "license": "MIT",
      "optional": true,
      "os": [
        "linux"
      ],
      "engines": {
        "node": ">=18"
      }
    },
    "node_modules/@esbuild/linux-s390x": {
      "version": "0.28.1",
      "integrity": "sha512-/lAIjX8aYFRByhh6L5rYtPEDRqa9de/4V/juOXcta5frjvzXO4/sqEtyytse0g3zZFuWu5cDN0MkLz2qRDD2Ag==",
      "cpu": [
        "s390x"
      ],
      "dev": true,
      "license": "MIT",
      "optional": true,
      "os": [
        "linux"
      ],
      "engines": {
        "node": ">=18"
      }
    },
    "node_modules/@esbuild/linux-x64": {
      "version": "0.28.1",
      "integrity": "sha512-u/anNYF2mmVOEDwLtnQ1wOr3EZ9sTNGLWrsYGYwHWzGA3Si84IOkHXlbWTD1NB+9/1lcnweYKO54uhxZydNzfA==",
      "cpu": [
        "x64"
      ],
      "dev": true,
      "license": "MIT",
      "optional": true,
      "os": [
        "linux"
      ],
      "engines": {
        "node": ">=18"
      }
    },
    "node_modules/@esbuild/netbsd-arm64": {
      "version": "0.28.1",
      "integrity": "sha512-oks0DYbLwWMmaakTsCb+zL4E+aHRVLom9IJZOAthMQEPiQmydXHkziYEsGYRx0uNV/IjEKGAV941JzH02pflqw==",
      "cpu": [
        "arm64"
      ],
      "dev": true,
      "license": "MIT",
      "optional": true,
      "os": [
        "netbsd"
      ],
      "engines": {
        "node": ">=18"
      }
    },
    "node_modules/@esbuild/netbsd-x64": {
      "version": "0.28.1",
      "integrity": "sha512-aeL6lAnN89Hz43Mlh1G8ARasbuoYvSITDEx0tHh5b7jJnHcssqgjy9Yx430GDpmCa6OyrKoS0aNRjKundRizGg==",
      "cpu": [
        "x64"
      ],
      "dev": true,
      "license": "MIT",
      "optional": true,
      "os": [
        "netbsd"
      ],
      "engines": {
        "node": ">=18"
      }
    },
    "node_modules/@esbuild/openbsd-arm64": {
      "version": "0.28.1",
      "integrity": "sha512-MEFJe5C3R8pwXdZ5Y21oo6m7ePiS0d9pWucn99O/wvyJZChoIQKrQDxKrGeW8F5+T0okTHesAmDeiHDTIq0V/Q==",
      "cpu": [
        "arm64"
      ],
      "dev": true,
      "license": "MIT",
      "optional": true,
      "os": [
        "openbsd"
      ],
      "engines": {
        "node": ">=18"
      }
    },
    "node_modules/@esbuild/openbsd-x64": {
      "version": "0.28.1",
      "integrity": "sha512-i/ZLIOafE0Z8cI/XANJAixoJL/uRAoS2xOA3rb0xN+KK0K177cMAsQYkzHtBrtMXAKuAc7HGgcWiZ/sRC1Nxgw==",
      "cpu": [
        "x64"
      ],
      "dev": true,
      "license": "MIT",
      "optional": true,
      "os": [
        "openbsd"
      ],
      "engines": {
        "node": ">=18"
      }
    },
    "node_modules/@esbuild/openharmony-arm64": {
      "version": "0.28.1",
      "integrity": "sha512-ge+Z7EXFNt2BO1oAMsVpiQ8EwndV9i1xXerAeTIK7AtPs3bKFXQM7nlRxDSIUIMeueR1CNXxqztLzdNeReKBJg==",
      "cpu": [
        "arm64"
      ],
      "dev": true,
      "license": "MIT",
      "optional": true,
      "os": [
        "openharmony"
      ],
      "engines": {
        "node": ">=18"
      }
    },
    "node_modules/@esbuild/sunos-x64": {
      "version": "0.28.1",
      "integrity": "sha512-BEjgtECkL3vY+SaSQ6nzVfiALUeFxpawyp8Jmf5PtYhf1Ug40N1h/hxlhts+f1FvSvarEigdxS3BlSMI2PJLcQ==",
      "cpu": [
        "x64"
      ],
      "dev": true,
      "license": "MIT",
      "optional": true,
      "os": [
        "sunos"
      ],
      "engines": {
        "node": ">=18"
      }
    },
    "node_modules/@esbuild/win32-arm64": {
      "version": "0.28.1",
      "integrity": "sha512-lCv9eK/H6ZJWbE7bh2nw54CZ9M2nupBxJcTsdk/QQnWkdSjKGuxmmH8/GWrlT1eMmZfn4dGcCjRte397WqfQXA==",
      "cpu": [
        "arm64"
      ],
      "dev": true,
      "license": "MIT",
      "optional": true,
      "os": [
        "win32"
      ],
      "engines": {
        "node": ">=18"
      }
    },
    "node_modules/@esbuild/win32-ia32": {
      "version": "0.28.1",
      "integrity": "sha512-zvb/mB2bSCoJOpoCBgYKKpX6YM6mJBlBUVUtVj41DlZJVEB6/0CKlRYxP5wWl1C1ILiCoAU5wZZ4q1P3qeS6Eg==",
      "cpu": [
        "ia32"
      ],
      "dev": true,
      "license": "MIT",
      "optional": true,
      "os": [
        "win32"
      ],
      "engines": {
        "node": ">=18"
      }
    },
    "node_modules/@esbuild/win32-x64": {
      "version": "0.28.1",
      "integrity": "sha512-bm4Mowrv+GXMlpWX++EcXw/iLyd1o3+bJkC2DkWXYVvgZCqD/bSj9ctZeAMC3cIxgjRVR2Dufaiu4YPxr5gW1A==",
      "cpu": [
        "x64"
      ],
      "dev": true,
      "license": "MIT",
      "optional": true,
      "os": [
        "win32"
      ],
      "engines": {
        "node": ">=18"
      }
    },
    "node_modules/@floating-ui/core": {
      "version": "1.7.5",
      "integrity": "sha512-1Ih4WTWyw0+lKyFMcBHGbb5U5FtuHJuujoyyr5zTaWS5EYMeT6Jb2AuDeftsCsEuchO+mM2ij5+q9crhydzLhQ==",
      "license": "MIT",
      "dependencies": {
        "@floating-ui/utils": "^0.2.11"
      }
    },
    "node_modules/@floating-ui/dom": {
      "version": "1.7.6",
      "integrity": "sha512-9gZSAI5XM36880PPMm//9dfiEngYoC6Am2izES1FF406YFsjvyBMmeJ2g4SAju3xWwtuynNRFL2s9hgxpLI5SQ==",
      "license": "MIT",
      "dependencies": {
        "@floating-ui/core": "^1.7.5",
        "@floating-ui/utils": "^0.2.11"
      }
    },
    "node_modules/@floating-ui/react": {
      "version": "0.27.19",
      "integrity": "sha512-31B8h5mm8YxotlE7/AU/PhNAl8eWxAmjL/v2QOxroDNkTFLk3Uu82u63N3b6TXa4EGJeeZLVcd/9AlNlVqzeog==",
      "license": "MIT",
      "dependencies": {
        "@floating-ui/react-dom": "^2.1.8",
        "@floating-ui/utils": "^0.2.11",
        "tabbable": "^6.0.0"
      },
      "peerDependencies": {
        "react": ">=17.0.0",
        "react-dom": ">=17.0.0"
      }
    },
    "node_modules/@floating-ui/react-dom": {
      "version": "2.1.8",
      "integrity": "sha512-cC52bHwM/n/CxS87FH0yWdngEZrjdtLW/qVruo68qg+prK7ZQ4YGdut2GyDVpoGeAYe/h899rVeOVm6Oi40k2A==",
      "license": "MIT",
      "dependencies": {
        "@floating-ui/dom": "^1.7.6"
      },
      "peerDependencies": {
        "react": ">=16.8.0",
        "react-dom": ">=16.8.0"
      }
    },
    "node_modules/@floating-ui/utils": {
      "version": "0.2.11",
      "integrity": "sha512-RiB/yIh78pcIxl6lLMG0CgBXAZ2Y0eVHqMPYugu+9U0AeT6YBeiJpf7lbdJNIugFP5SIjwNRgo4DhR1Qxi26Gg==",
      "license": "MIT"
    },
    "node_modules/@lexical/clipboard": {
      "version": "0.46.0",
      "integrity": "sha512-c7lQeORx5+2tfc9+xnHDPBT097t9KdWW3a/kg/ThliokHOkaYz6OeM2z53uID/OOpRGao8FRO5vw9rz5ZAhg+w==",
      "license": "MIT",
      "dependencies": {
        "@lexical/extension": "0.46.0",
        "@lexical/html": "0.46.0",
        "@lexical/internal": "0.46.0",
        "@lexical/list": "0.46.0",
        "@lexical/selection": "0.46.0",
        "@lexical/utils": "0.46.0",
        "@types/trusted-types": "^2.0.7",
        "lexical": "0.46.0"
      },
      "peerDependencies": {
        "typescript": ">=5.2"
      },
      "peerDependenciesMeta": {
        "typescript": {
          "optional": true
        }
      }
    },
    "node_modules/@lexical/code": {
      "version": "0.46.0",
      "integrity": "sha512-821oN8eH9ULinLO9P9+qrdejqm+S5/A28UnLzf5qiUJjCfvVGtf2Y0yVmHrBDHG0Dw7lnm2N2/7UTSr+JnA59A==",
      "license": "MIT",
      "dependencies": {
        "@lexical/code-core": "0.46.0",
        "@lexical/code-prism": "0.46.0",
        "@lexical/extension": "0.46.0",
        "lexical": "0.46.0"
      },
      "peerDependencies": {
        "typescript": ">=5.2"
      },
      "peerDependenciesMeta": {
        "typescript": {
          "optional": true
        }
      }
    },
    "node_modules/@lexical/code-core": {
      "version": "0.46.0",
      "integrity": "sha512-ljlMBSvjTwKVNV7myEr4xJRGTDsJ3kcjHi6rZuBteZExnd/tD44oSY3TSa1jgy+TqiXkEdUpWQYqmnwMsOJrlQ==",
      "license": "MIT",
      "dependencies": {
        "@lexical/extension": "0.46.0",
        "@lexical/html": "0.46.0",
        "@lexical/internal": "0.46.0",
        "@lexical/utils": "0.46.0",
        "lexical": "0.46.0"
      },
      "peerDependencies": {
        "typescript": ">=5.2"
      },
      "peerDependenciesMeta": {
        "typescript": {
          "optional": true
        }
      }
    },
    "node_modules/@lexical/code-prism": {
      "version": "0.46.0",
      "integrity": "sha512-M1Zt+kvQ4Zmootp8m39WmSsY1N7AEV30WJGP7oUG8CAvmvfsQPQwUYPjyWL6xyIDGxhQ/5CVu/DJ7D78Wk3uoQ==",
      "license": "MIT",
      "dependencies": {
        "@lexical/code-core": "0.46.0",
        "@lexical/extension": "0.46.0",
        "lexical": "0.46.0",
        "prismjs": "^1.30.0"
      },
      "peerDependencies": {
        "typescript": ">=5.2"
      },
      "peerDependenciesMeta": {
        "typescript": {
          "optional": true
        }
      }
    },
    "node_modules/@lexical/devtools-core": {
      "version": "0.46.0",
      "integrity": "sha512-9J5dRO/tZXM/ROeSRvnkfMvfGa4AbOjDQmVFhK1WiuoPNBoC45m4hijE4R3/l/Z6xvjinc804PfAsAxVjgVVnA==",
      "license": "MIT",
      "dependencies": {
        "@lexical/html": "0.46.0",
        "@lexical/link": "0.46.0",
        "@lexical/mark": "0.46.0",
        "@lexical/table": "0.46.0",
        "@lexical/utils": "0.46.0",
        "lexical": "0.46.0"
      },
      "peerDependencies": {
        "react": ">=17.x",
        "react-dom": ">=17.x",
        "typescript": ">=5.2"
      },
      "peerDependenciesMeta": {
        "typescript": {
          "optional": true
        }
      }
    },
    "node_modules/@lexical/dragon": {
      "version": "0.46.0",
      "integrity": "sha512-/PIjscXlD0jp3Bj5MWJ+y1WZsVxagsqnnzOkqdDStM3033soj/2cI7tysMU/7XAEJtMBk1bTJdDvmDHM/bn/rg==",
      "license": "MIT",
      "dependencies": {
        "@lexical/extension": "0.46.0",
        "lexical": "0.46.0"
      },
      "peerDependencies": {
        "typescript": ">=5.2"
      },
      "peerDependenciesMeta": {
        "typescript": {
          "optional": true
        }
      }
    },
    "node_modules/@lexical/extension": {
      "version": "0.46.0",
      "integrity": "sha512-bdO/ON5dwVwtqeTes/+My/sRU7vNuH3W8ovJ2yffXRFmAxVtzKr6/6TYJWwtUvncQjvTHEKAo5MqWUoQXp8VMw==",
      "license": "MIT",
      "dependencies": {
        "@lexical/internal": "0.46.0",
        "@lexical/utils": "0.46.0",
        "@preact/signals-core": "^1.14.1",
        "lexical": "0.46.0"
      },
      "peerDependencies": {
        "typescript": ">=5.2"
      },
      "peerDependenciesMeta": {
        "typescript": {
          "optional": true
        }
      }
    },
    "node_modules/@lexical/hashtag": {
      "version": "0.46.0",
      "integrity": "sha512-6XiL5/KXyCxR+oD7fWjJL3enqsrkn4hgjEa13wAQrBZ5W+avFl/9Cd5bkwcXS+jPjmhk47+zYj76l6uuiFoMoQ==",
      "license": "MIT",
      "dependencies": {
        "@lexical/text": "0.46.0",
        "@lexical/utils": "0.46.0",
        "lexical": "0.46.0"
      },
      "peerDependencies": {
        "typescript": ">=5.2"
      },
      "peerDependenciesMeta": {
        "typescript": {
          "optional": true
        }
      }
    },
    "node_modules/@lexical/history": {
      "version": "0.46.0",
      "integrity": "sha512-PbbyXVfbm/RBS/hkPJrAGd6DYZ8/4E+nyPaiArwo4WGYQBoEXc2dU+dwAcIrhwVVXuOVrkm9Hp0cZYl4hKM8qQ==",
      "license": "MIT",
      "dependencies": {
        "@lexical/extension": "0.46.0",
        "@lexical/utils": "0.46.0",
        "lexical": "0.46.0"
      },
      "peerDependencies": {
        "typescript": ">=5.2"
      },
      "peerDependenciesMeta": {
        "typescript": {
          "optional": true
        }
      }
    },
    "node_modules/@lexical/html": {
      "version": "0.46.0",
      "integrity": "sha512-Rvke8FvQkjd+hFBCe39YdQxPQZZ/7W95xilY3qFxmSZaW0zakcA8pItaf7HfueG8Ja6jDu/TOMH4LUeyQPT3HQ==",
      "license": "MIT",
      "dependencies": {
        "@lexical/extension": "0.46.0",
        "@lexical/internal": "0.46.0",
        "@lexical/selection": "0.46.0",
        "@lexical/utils": "0.46.0",
        "lexical": "0.46.0"
      },
      "peerDependencies": {
        "typescript": ">=5.2"
      },
      "peerDependenciesMeta": {
        "typescript": {
          "optional": true
        }
      }
    },
    "node_modules/@lexical/internal": {
      "version": "0.46.0",
      "integrity": "sha512-OV1ePAAnVVd0K+Bq5SX7vOKE/LqJLYcDM4HD4zVCisbgVaznE+pTj/nDB2uWTidwf8o7QhPR65VhEi+KkUtyEw==",
      "license": "MIT",
      "peerDependencies": {
        "typescript": ">=5.2"
      },
      "peerDependenciesMeta": {
        "typescript": {
          "optional": true
        }
      }
    },
    "node_modules/@lexical/link": {
      "version": "0.46.0",
      "integrity": "sha512-MdGiAOAmqnZKtfaQxKFZv18SC+1zJIOfqB7bR43va/rp4M3u1cVniquUCTALub40WEWTuJgT2XvfSlpKm7FuXA==",
      "license": "MIT",
      "dependencies": {
        "@lexical/extension": "0.46.0",
        "@lexical/html": "0.46.0",
        "@lexical/internal": "0.46.0",
        "@lexical/utils": "0.46.0",
        "lexical": "0.46.0"
      },
      "peerDependencies": {
        "typescript": ">=5.2"
      },
      "peerDependenciesMeta": {
        "typescript": {
          "optional": true
        }
      }
    },
    "node_modules/@lexical/list": {
      "version": "0.46.0",
      "integrity": "sha512-nIX3k05MFAhWZvVXZBZB7LTS1DhsCF2iCFH2WDYebwJfADTnAqhE/ZCAJax84RRMjYla67JU31br9r+P6KR+hA==",
      "license": "MIT",
      "dependencies": {
        "@lexical/extension": "0.46.0",
        "@lexical/html": "0.46.0",
        "@lexical/internal": "0.46.0",
        "@lexical/utils": "0.46.0",
        "lexical": "0.46.0"
      },
      "peerDependencies": {
        "typescript": ">=5.2"
      },
      "peerDependenciesMeta": {
        "typescript": {
          "optional": true
        }
      }
    },
    "node_modules/@lexical/mark": {
      "version": "0.46.0",
      "integrity": "sha512-WRpMATEhci3LxCgF4wN3mX2IIctTN5Zx8GQZU4rtbVBWHaYRA0azpyzsHeFJlpaaI0FJVMWfNQJ3QBeVIr6Ciw==",
      "license": "MIT",
      "dependencies": {
        "@lexical/utils": "0.46.0",
        "lexical": "0.46.0"
      },
      "peerDependencies": {
        "typescript": ">=5.2"
      },
      "peerDependenciesMeta": {
        "typescript": {
          "optional": true
        }
      }
    },
    "node_modules/@lexical/markdown": {
      "version": "0.46.0",
      "integrity": "sha512-2e/JFuS+7QEPLW4K2SOoYORpLXhdjFBh7l5OxAf8HljuFAvX0x9eFBxlWVG0Y00TFUMnOcUm1QnIo5l2e+0Cjg==",
      "license": "MIT",
      "dependencies": {
        "@lexical/code-core": "0.46.0",
        "@lexical/internal": "0.46.0",
        "@lexical/link": "0.46.0",
        "@lexical/list": "0.46.0",
        "@lexical/rich-text": "0.46.0",
        "@lexical/selection": "0.46.0",
        "@lexical/text": "0.46.0",
        "@lexical/utils": "0.46.0",
        "lexical": "0.46.0"
      },
      "peerDependencies": {
        "typescript": ">=5.2"
      },
      "peerDependenciesMeta": {
        "typescript": {
          "optional": true
        }
      }
    },
    "node_modules/@lexical/overflow": {
      "version": "0.46.0",
      "integrity": "sha512-VRa/VovH+FeuL9oyEjqF0zM2Nu4stgPs78Ek0mm9SR3EV1Cq58CoqjMvz/eH+4OsYMksFNfkxBg5f4a7QSAeDQ==",
      "license": "MIT",
      "dependencies": {
        "lexical": "0.46.0"
      },
      "peerDependencies": {
        "typescript": ">=5.2"
      },
      "peerDependenciesMeta": {
        "typescript": {
          "optional": true
        }
      }
    },
    "node_modules/@lexical/plain-text": {
      "version": "0.46.0",
      "integrity": "sha512-fH1MYHrilsho6hkpGHnjw2eFBeLaJzz5PY4LT9ZVxtliPB3YRKUYZLcP23fGidzOC2it2xvTkT9D7kFo7zTQug==",
      "license": "MIT",
      "dependencies": {
        "@lexical/clipboard": "0.46.0",
        "@lexical/dragon": "0.46.0",
        "@lexical/extension": "0.46.0",
        "@lexical/selection": "0.46.0",
        "@lexical/utils": "0.46.0",
        "lexical": "0.46.0"
      },
      "peerDependencies": {
        "typescript": ">=5.2"
      },
      "peerDependenciesMeta": {
        "typescript": {
          "optional": true
        }
      }
    },
    "node_modules/@lexical/react": {
      "version": "0.46.0",
      "integrity": "sha512-yYz09UTTSVFFpU6Zku/m4LLGgg6qjnz83PoPf7rxx7/IuZHcJK6dCaApXZUdilMHf+A1gGG0W4UNXGjWVaX1nw==",
      "license": "MIT",
      "dependencies": {
        "@floating-ui/react": "^0.27.19",
        "@lexical/devtools-core": "0.46.0",
        "@lexical/dragon": "0.46.0",
        "@lexical/extension": "0.46.0",
        "@lexical/hashtag": "0.46.0",
        "@lexical/history": "0.46.0",
        "@lexical/internal": "0.46.0",
        "@lexical/link": "0.46.0",
        "@lexical/list": "0.46.0",
        "@lexical/mark": "0.46.0",
        "@lexical/markdown": "0.46.0",
        "@lexical/overflow": "0.46.0",
        "@lexical/plain-text": "0.46.0",
        "@lexical/rich-text": "0.46.0",
        "@lexical/table": "0.46.0",
        "@lexical/text": "0.46.0",
        "@lexical/utils": "0.46.0",
        "@lexical/yjs": "0.46.0",
        "lexical": "0.46.0"
      },
      "peerDependencies": {
        "react": ">=17.x",
        "react-dom": ">=17.x",
        "typescript": ">=5.2",
        "yjs": ">=13.5.22"
      },
      "peerDependenciesMeta": {
        "typescript": {
          "optional": true
        },
        "yjs": {
          "optional": true
        }
      }
    },
    "node_modules/@lexical/rich-text": {
      "version": "0.46.0",
      "integrity": "sha512-YwERYF7bOGZOmulxzyHID+gUkxCbTbn73pqow8GyasAdwlbTiiyqKSUp3fXC3prcMftQX8eg+SJNwkijvZk9yA==",
      "license": "MIT",
      "dependencies": {
        "@lexical/clipboard": "0.46.0",
        "@lexical/dragon": "0.46.0",
        "@lexical/extension": "0.46.0",
        "@lexical/html": "0.46.0",
        "@lexical/selection": "0.46.0",
        "@lexical/utils": "0.46.0",
        "lexical": "0.46.0"
      },
      "peerDependencies": {
        "typescript": ">=5.2"
      },
      "peerDependenciesMeta": {
        "typescript": {
          "optional": true
        }
      }
    },
    "node_modules/@lexical/selection": {
      "version": "0.46.0",
      "integrity": "sha512-iWrztXnBl9x7DthlRefUCNHfY8lHU6AzDm7pIr3o7t1hoixDtTuiZ5cCw+PkShC/hZ8v7VuV+FaDNraSaTTkHA==",
      "license": "MIT",
      "dependencies": {
        "@lexical/internal": "0.46.0",
        "lexical": "0.46.0"
      },
      "peerDependencies": {
        "typescript": ">=5.2"
      },
      "peerDependenciesMeta": {
        "typescript": {
          "optional": true
        }
      }
    },
    "node_modules/@lexical/table": {
      "version": "0.46.0",
      "integrity": "sha512-azgbCn+CxyGF2wVFB5Rmcx3wFKR9WKiGvJUUh8YDnMxL9LMWESfFy36XbedR140xUq0QoYTw8ZxBGMHE4ZiIIg==",
      "license": "MIT",
      "dependencies": {
        "@lexical/clipboard": "0.46.0",
        "@lexical/extension": "0.46.0",
        "@lexical/html": "0.46.0",
        "@lexical/internal": "0.46.0",
        "@lexical/utils": "0.46.0",
        "lexical": "0.46.0"
      },
      "peerDependencies": {
        "typescript": ">=5.2"
      },
      "peerDependenciesMeta": {
        "typescript": {
          "optional": true
        }
      }
    },
    "node_modules/@lexical/text": {
      "version": "0.46.0",
      "integrity": "sha512-XjH6ry2vYOfTO1JOLdbjlZ8he8LjkFjLbVIk+1I/q+8vp5ADx5GK99KaQfBiPZb0WTJEkuqo4AELWn3sXMvAiw==",
      "license": "MIT",
      "dependencies": {
        "@lexical/internal": "0.46.0",
        "lexical": "0.46.0"
      },
      "peerDependencies": {
        "typescript": ">=5.2"
      },
      "peerDependenciesMeta": {
        "typescript": {
          "optional": true
        }
      }
    },
    "node_modules/@lexical/utils": {
      "version": "0.46.0",
      "integrity": "sha512-s8XQDoBr1wyPKGqy3qyDeHvi+vMgOiszzcRdHvTd6AqWpXxw2MsDQzMdF3Nr56QHahcOYxMOcv+r7r2nnCcgCA==",
      "license": "MIT",
      "dependencies": {
        "@lexical/internal": "0.46.0",
        "@lexical/selection": "0.46.0",
        "lexical": "0.46.0"
      },
      "peerDependencies": {
        "typescript": ">=5.2"
      },
      "peerDependenciesMeta": {
        "typescript": {
          "optional": true
        }
      }
    },
    "node_modules/@lexical/yjs": {
      "version": "0.46.0",
      "integrity": "sha512-CsDD3NpmhoHjqnvbwQoTa3/lDYOCqlpBhRJcE14ERfngZ3PpoNu+YUW6IbhJ5PVFvtub8H3x8V9OjZ1IbHvZjg==",
      "license": "MIT",
      "dependencies": {
        "@lexical/internal": "0.46.0",
        "@lexical/selection": "0.46.0",
        "lexical": "0.46.0"
      },
      "peerDependencies": {
        "typescript": ">=5.2",
        "yjs": ">=13.5.22"
      },
      "peerDependenciesMeta": {
        "typescript": {
          "optional": true
        }
      }
    },
    "node_modules/@preact/signals-core": {
      "version": "1.14.3",
      "integrity": "sha512-m0K3vnbSLC5rHs2ZVfeAMvBtT1zIyq4mxx5OlNncSgMj5Iz6W5Rn3kPrDxAC+iIKmiVe0lSl6U37t5ZkEWoVAw==",
      "license": "MIT",
      "funding": {
        "type": "opencollective",
        "url": "https://opencollective.com/preact"
      }
    },
    "node_modules/@types/node": {
      "version": "22.20.0",
      "integrity": "sha512-QWlFW2wf3nTjC13/DqRnBpR4ZO36VJH/JVBkA/vcnmbTBNQIlnObqyqZE1tUR7+Ni23Lda8R1BxMfbXRpCUx5g==",
      "dev": true,
      "license": "MIT",
      "dependencies": {
        "undici-types": "~6.21.0"
      }
    },
    "node_modules/@types/react": {
      "version": "19.2.17",
      "integrity": "sha512-MXfmqaVPEVgkBT/aY0aGCkRWWtByiYQXo3xdQ8r5RzuFrPiRn8Gar2tQdXSUQ2GKV3bkXckek89V8wQBY2Q/Aw==",
      "dev": true,
      "license": "MIT",
      "dependencies": {
        "csstype": "^3.2.2"
      }
    },
    "node_modules/@types/trusted-types": {
      "version": "2.0.7",
      "integrity": "sha512-ScaPdn1dQczgbl0QFTeTOmVHFULt394XJgOQNoyVhZ6r2vLnMLJfBPd53SB52T/3G36VI1/g2MZaX0cwDuXsfw==",
      "license": "MIT"
    },
    "node_modules/adaptivecards": {
      "version": "3.0.6",
      "integrity": "sha512-WDCIb2WXZ7cOHJ9HIHRNdhSt861HySVOdN2xPk2aKHAF3JvD8QGQ8/XcNFrDJxCteOog8MM7EBlXfSAR8JXKAg==",
      "license": "MIT",
      "peerDependencies": {
        "swiper": "^12.1.2"
      }
    },
    "node_modules/csstype": {
      "version": "3.2.3",
      "integrity": "sha512-z1HGKcYy2xA8AGQfwrn0PAy+PB7X/GSj3UVJW9qKyn43xWa+gl5nXmU4qqLMRzWVLFC8KusUX8T/0kCiOYpAIQ==",
      "dev": true,
      "license": "MIT"
    },
    "node_modules/esbuild": {
      "version": "0.28.1",
      "integrity": "sha512-HrJrvZv5ayxBzPfwphOoNzkzOIIlifzk0KJrGK2c8R4+LKpMtpYLQeUdjnwjWv/LZlkH2laZk+4w78pi99D4Vw==",
      "dev": true,
      "hasInstallScript": true,
      "license": "MIT",
      "bin": {
        "esbuild": "bin/esbuild"
      },
      "engines": {
        "node": ">=18"
      },
      "optionalDependencies": {
        "@esbuild/aix-ppc64": "0.28.1",
        "@esbuild/android-arm": "0.28.1",
        "@esbuild/android-arm64": "0.28.1",
        "@esbuild/android-x64": "0.28.1",
        "@esbuild/darwin-arm64": "0.28.1",
        "@esbuild/darwin-x64": "0.28.1",
        "@esbuild/freebsd-arm64": "0.28.1",
        "@esbuild/freebsd-x64": "0.28.1",
        "@esbuild/linux-arm": "0.28.1",
        "@esbuild/linux-arm64": "0.28.1",
        "@esbuild/linux-ia32": "0.28.1",
        "@esbuild/linux-loong64": "0.28.1",
        "@esbuild/linux-mips64el": "0.28.1",
        "@esbuild/linux-ppc64": "0.28.1",
        "@esbuild/linux-riscv64": "0.28.1",
        "@esbuild/linux-s390x": "0.28.1",
        "@esbuild/linux-x64": "0.28.1",
        "@esbuild/netbsd-arm64": "0.28.1",
        "@esbuild/netbsd-x64": "0.28.1",
        "@esbuild/openbsd-arm64": "0.28.1",
        "@esbuild/openbsd-x64": "0.28.1",
        "@esbuild/openharmony-arm64": "0.28.1",
        "@esbuild/sunos-x64": "0.28.1",
        "@esbuild/win32-arm64": "0.28.1",
        "@esbuild/win32-ia32": "0.28.1",
        "@esbuild/win32-x64": "0.28.1"
      }
    },
    "node_modules/highlight.js": {
      "version": "11.11.1",
      "integrity": "sha512-Xwwo44whKBVCYoliBQwaPvtd/2tYFkRQtXDWj1nackaV2JPXx3L0+Jvd8/qCJ2p+ML0/XVkJ2q+Mr+UVdpJK5w==",
      "license": "BSD-3-Clause",
      "engines": {
        "node": ">=12.0.0"
      }
    },
    "node_modules/isomorphic.js": {
      "version": "0.2.5",
      "integrity": "sha512-PIeMbHqMt4DnUP3MA/Flc0HElYjMXArsw1qwJZcm9sqR8mq3l8NYizFMty0pWwE/tzIGH3EKK5+jes5mAr85yw==",
      "license": "MIT",
      "peer": true,
      "funding": {
        "type": "GitHub Sponsors ❤",
        "url": "https://github.com/sponsors/dmonad"
      }
    },
    "node_modules/lexical": {
      "version": "0.46.0",
      "integrity": "sha512-oaE7OLY/FuqGKC7ihaqLJvgn/NvvRveryKBBgOwrSe+UIpBmc9IvyXf6hVcvew9M3Vc0XavHWe/ZAL7qc5DzMw==",
      "license": "MIT",
      "dependencies": {
        "@lexical/internal": "0.46.0"
      },
      "peerDependencies": {
        "typescript": ">=5.2"
      },
      "peerDependenciesMeta": {
        "typescript": {
          "optional": true
        }
      }
    },
    "node_modules/lib0": {
      "version": "0.2.117",
      "integrity": "sha512-DeXj9X5xDCjgKLU/7RR+/HQEVzuuEUiwldwOGsHK/sfAfELGWEyTcf0x+uOvCvK3O2zPmZePXWL85vtia6GyZw==",
      "license": "MIT",
      "peer": true,
      "dependencies": {
        "isomorphic.js": "^0.2.4"
      },
      "bin": {
        "0ecdsa-generate-keypair": "bin/0ecdsa-generate-keypair.js",
        "0gentesthtml": "bin/gentesthtml.js",
        "0serve": "bin/0serve.js"
      },
      "engines": {
        "node": ">=16"
      },
      "funding": {
        "type": "GitHub Sponsors ❤",
        "url": "https://github.com/sponsors/dmonad"
      }
    },
    "node_modules/prismjs": {
      "version": "1.30.0",
      "integrity": "sha512-DEvV2ZF2r2/63V+tK8hQvrR2ZGn10srHbXviTlcv7Kpzw8jWiNTqbVgjO3IY8RxrrOUF8VPMQQFysYYYv0YZxw==",
      "license": "MIT",
      "engines": {
        "node": ">=6"
      }
    },
    "node_modules/react": {
      "version": "19.2.7",
      "integrity": "sha512-HNe9WslTbXmFK8o8cmwgAeJFSBvt1bPdHCVKtaaV+WlAN36mpT4hcRpwbf3fY56ar2oIXzsBpOAiIRHAdY0OlQ==",
      "license": "MIT",
      "peer": true,
      "engines": {
        "node": ">=0.10.0"
      }
    },
    "node_modules/react-dom": {
      "version": "19.2.7",
      "integrity": "sha512-t0BRVXvbiE/o20Hfw669rLbMCDWtYZLvmJigy2f0MxsXF+71pxhR3xOkspmsO8h3ZlNzyibAmtCa3l4lYKk6gQ==",
      "license": "MIT",
      "peer": true,
      "dependencies": {
        "scheduler": "^0.27.0"
      },
      "peerDependencies": {
        "react": "^19.2.7"
      }
    },
    "node_modules/scheduler": {
      "version": "0.27.0",
      "integrity": "sha512-eNv+WrVbKu1f3vbYJT/xtiF5syA5HPIMtf9IgY/nKg0sWqzAUEvqY/xm7OcZc/qafLx/iO9FgOmeSAp4v5ti/Q==",
      "license": "MIT",
      "peer": true
    },
    "node_modules/swiper": {
      "version": "12.2.0",
      "integrity": "sha512-K8uXsBZU6ME97Ia3xbBge8IRCnR1lOmIILzvY/jGVic7dSTQ530s3uO8RvXbPUtkkXLWIwmZLRPbtDxRWVAFdg==",
      "funding": [
        {
          "type": "custom",
          "url": "https://sponsors.nolimits4web.com"
        },
        {
          "type": "github",
          "url": "https://github.com/sponsors/nolimits4web"
        }
      ],
      "license": "MIT",
      "peer": true,
      "engines": {
        "node": ">= 4.7.0"
      }
    },
    "node_modules/tabbable": {
      "version": "6.5.0",
      "integrity": "sha512-wieBHXygIm7OyQOu5hQlkk62/WyCFYGlWg7L6/ZCUZwx0o398Zkn4pVmMyfYhfMG8kGrj/Krt8eIk6UKC6VzwA==",
      "license": "MIT"
    },
    "node_modules/typescript": {
      "version": "5.9.3",
      "integrity": "sha512-jl1vZzPDinLr9eUt3J/t7V6FgNEw9QjvBPdysz9KfQDD41fQrC2Y4vKQdiaUpFT4bXlb1RHhLpp8wtm6M5TgSw==",
      "devOptional": true,
      "license": "Apache-2.0",
      "bin": {
        "tsc": "bin/tsc",
        "tsserver": "bin/tsserver"
      },
      "engines": {
        "node": ">=14.17"
      }
    },
    "node_modules/undici-types": {
      "version": "6.21.0",
      "integrity": "sha512-iwDZqg0QAGrg9Rav5H4n0M64c3mkR59cJ6wQp+7C4nI0gsmExaedaYLNO44eT4AtBBwjbTiGPMlt2Md0T9H9JQ==",
      "dev": true,
      "license": "MIT"
    },
    "node_modules/yjs": {
      "version": "13.6.31",
      "integrity": "sha512-Eq+5BRfbeGyqGVrTJL3bEcr8gKkxPuyuoHmAwpk52fDb8kOVMrfVSTRPd6yiGgX5Fskb96qCRjzjbRjrL4YEnw==",
      "license": "MIT",
      "peer": true,
      "dependencies": {
        "lib0": "^0.2.99"
      },
      "engines": {
        "node": ">=16.0.0",
        "npm": ">=8.0.0"
      },
      "funding": {
        "type": "GitHub Sponsors ❤",
        "url": "https://github.com/sponsors/dmonad"
      }
    }
  }
}
